
Microsoft Visual Studio Solution File, Format Version 12.00
# Visual Studio Version 16
VisualStudioVersion = 16.0.31624.102
MinimumVisualStudioVersion = 10.0.40219.1
Project("{FAE04EC0-301F-11D3-BF4B-00C04F79EFBC}") = "Calculator2", "Calculator2\Calculator2.csproj", "{6CDE65AE-5B29-46AE-98C8-ED3A58C4BA91}"
EndProject
Global
	GlobalSection(SolutionConfigurationPlatforms) = preSolution
		Debug|Any CPU = Debug|Any CPU
		Release|Any CPU = Release|Any CPU
	EndGlobalSection
	GlobalSection(ProjectConfigurationPlatforms) = postSolution
		{6CDE65AE-5B29-46AE-98C8-ED3A58C4BA91}.Debug|Any CPU.ActiveCfg = Debug|Any CPU
		{6CDE65AE-5B29-46AE-98C8-ED3A58C4BA91}.Debug|Any CPU.Build.0 = Debug|Any CPU
		{6CDE65AE-5B29-46AE-98C8-ED3A58C4BA91}.Release|Any CPU.ActiveCfg = Release|Any CPU
		{6CDE65AE-5B29-46AE-98C8-ED3A58C4BA91}.Release|Any CPU.Build.0 = Release|Any CPU
	EndGlobalSection
	GlobalSection(SolutionProperties) = preSolution
		HideSolutionNode = FALSE
	EndGlobalSection
	GlobalSection(ExtensibilityGlobals) = postSolution
		SolutionGuid = {00AE907D-907F-459F-9DC3-71DBC9DF8F00}
	EndGlobalSection
EndGlobal
